
Microsoft Visual Studio Solution File, Format Version 12.00
# Visual Studio Version 16
VisualStudioVersion = 16.0.31515.178
MinimumVisualStudioVersion = 10.0.40219.1
Project("{FAE04EC0-301F-11D3-BF4B-00C04F79EFBC}") = "WindowsFormsAlgorithm", "WindowsFormsAlgorithm.csproj", "{13CB790E-5163-4B52-B459-E52F2F2B7669}"
EndProject
Global
	GlobalSection(SolutionConfigurationPlatforms) = preSolution
		Debug|Any CPU = Debug|Any CPU
		Release|Any CPU = Release|Any CPU
	EndGlobalSection
	GlobalSection(ProjectConfigurationPlatforms) = postSolution
		{13CB790E-5163-4B52-B459-E52F2F2B7669}.Debug|Any CPU.ActiveCfg = Debug|Any CPU
		{13CB790E-5163-4B52-B459-E52F2F2B7669}.Debug|Any CPU.Build.0 = Debug|Any CPU
		{13CB790E-5163-4B52-B459-E52F2F2B7669}.Release|Any CPU.ActiveCfg = Release|Any CPU
		{13CB790E-5163-4B52-B459-E52F2F2B7669}.Release|Any CPU.Build.0 = Release|Any CPU
	EndGlobalSection
	GlobalSection(SolutionProperties) = preSolution
		HideSolutionNode = FALSE
	EndGlobalSection
	GlobalSection(ExtensibilityGlobals) = postSolution
		SolutionGuid = {290F509E-06CE-45B8-8412-EB7E8C21CF77}
	EndGlobalSection
EndGlobal
